
Microsoft Visual Studio Solution File, Format Version 11.00
# Visual Studio 2010
Project("{FAE04EC0-301F-11D3-BF4B-00C04F79EFBC}") = "2d UFO Tutorial", "Assembly-CSharp.csproj", "{ED958D99-918D-0209-91BC-C145753496E1}"
EndProject
Project("{FAE04EC0-301F-11D3-BF4B-00C04F79EFBC}") = "2d UFO Tutorial", "Assembly-CSharp-Editor.csproj", "{DD26D979-67BB-BB94-AF96-8439A5FECAEC}"
EndProject
Global
	GlobalSection(SolutionConfigurationPlatforms) = preSolution
		Debug|Any CPU = Debug|Any CPU
		Release|Any CPU = Release|Any CPU
	EndGlobalSection
	GlobalSection(ProjectConfigurationPlatforms) = postSolution
		{ED958D99-918D-0209-91BC-C145753496E1}.Debug|Any CPU.ActiveCfg = Debug|Any CPU
		{ED958D99-918D-0209-91BC-C145753496E1}.Debug|Any CPU.Build.0 = Debug|Any CPU
		{ED958D99-918D-0209-91BC-C145753496E1}.Release|Any CPU.ActiveCfg = Release|Any CPU
		{ED958D99-918D-0209-91BC-C145753496E1}.Release|Any CPU.Build.0 = Release|Any CPU
		{DD26D979-67BB-BB94-AF96-8439A5FECAEC}.Debug|Any CPU.ActiveCfg = Debug|Any CPU
		{DD26D979-67BB-BB94-AF96-8439A5FECAEC}.Debug|Any CPU.Build.0 = Debug|Any CPU
		{DD26D979-67BB-BB94-AF96-8439A5FECAEC}.Release|Any CPU.ActiveCfg = Release|Any CPU
		{DD26D979-67BB-BB94-AF96-8439A5FECAEC}.Release|Any CPU.Build.0 = Release|Any CPU
	EndGlobalSection
	GlobalSection(SolutionProperties) = preSolution
		HideSolutionNode = FALSE
	EndGlobalSection
	GlobalSection(MonoDevelopProperties) = preSolution
		StartupItem = Assembly-CSharp.csproj
	EndGlobalSection
EndGlobal
